
Microsoft Visual Studio Solution File, Format Version 12.00
Project("{FAE04EC0-301F-11D3-BF4B-00C04F79EFBC}") = "WebViewCS", "WebViewCS\WebViewCS.csproj", "{9233AF6E-F4C4-46F4-8C7A-857615210CE4}"
EndProject
Project("{2150E333-8FDC-42A3-9474-1A3956D46DE8}") = "samples", "samples", "{6171B819-7DD2-4AAA-8708-0AB0CDCBF5AB}"
EndProject
Project("{FAE04EC0-301F-11D3-BF4B-00C04F79EFBC}") = "Simple.Window", "..\samples\Simple.Window\Simple.Window.csproj", "{5F067BE7-67C7-4BD4-B5EC-AE655B6AE036}"
EndProject
Project("{FAE04EC0-301F-11D3-BF4B-00C04F79EFBC}") = "Silk.NET.Window", "..\samples\Silk.NET.Window\Silk.NET.Window.csproj", "{A5D99DC0-5358-4FFE-A410-921659AA9F02}"
EndProject
Global
	GlobalSection(SolutionConfigurationPlatforms) = preSolution
		Debug|Any CPU = Debug|Any CPU
		Release|Any CPU = Release|Any CPU
	EndGlobalSection
	GlobalSection(ProjectConfigurationPlatforms) = postSolution
		{9233AF6E-F4C4-46F4-8C7A-857615210CE4}.Debug|Any CPU.ActiveCfg = Debug|Any CPU
		{9233AF6E-F4C4-46F4-8C7A-857615210CE4}.Debug|Any CPU.Build.0 = Debug|Any CPU
		{9233AF6E-F4C4-46F4-8C7A-857615210CE4}.Release|Any CPU.ActiveCfg = Release|Any CPU
		{9233AF6E-F4C4-46F4-8C7A-857615210CE4}.Release|Any CPU.Build.0 = Release|Any CPU
		{5F067BE7-67C7-4BD4-B5EC-AE655B6AE036}.Debug|Any CPU.ActiveCfg = Debug|Any CPU
		{5F067BE7-67C7-4BD4-B5EC-AE655B6AE036}.Debug|Any CPU.Build.0 = Debug|Any CPU
		{5F067BE7-67C7-4BD4-B5EC-AE655B6AE036}.Release|Any CPU.ActiveCfg = Release|Any CPU
		{5F067BE7-67C7-4BD4-B5EC-AE655B6AE036}.Release|Any CPU.Build.0 = Release|Any CPU
		{A5D99DC0-5358-4FFE-A410-921659AA9F02}.Debug|Any CPU.ActiveCfg = Debug|Any CPU
		{A5D99DC0-5358-4FFE-A410-921659AA9F02}.Debug|Any CPU.Build.0 = Debug|Any CPU
		{A5D99DC0-5358-4FFE-A410-921659AA9F02}.Release|Any CPU.ActiveCfg = Release|Any CPU
		{A5D99DC0-5358-4FFE-A410-921659AA9F02}.Release|Any CPU.Build.0 = Release|Any CPU
	EndGlobalSection
	GlobalSection(NestedProjects) = preSolution
		{5F067BE7-67C7-4BD4-B5EC-AE655B6AE036} = {6171B819-7DD2-4AAA-8708-0AB0CDCBF5AB}
		{A5D99DC0-5358-4FFE-A410-921659AA9F02} = {6171B819-7DD2-4AAA-8708-0AB0CDCBF5AB}
	EndGlobalSection
EndGlobal
